
Microsoft Visual Studio Solution File, Format Version 12.00
Project("{FAE04EC0-301F-11D3-BF4B-00C04F79EFBC}") = "Civiti.Api", "Civiti.Api\Civiti.Api.csproj", "{7877063B-E407-4A2D-83FB-7E1B175F9298}"
EndProject
Project("{FAE04EC0-301F-11D3-BF4B-00C04F79EFBC}") = "Civiti.Tests", "Civiti.Tests\Civiti.Tests.csproj", "{9CE7FDC1-66D1-4E2D-B014-E98422EC431C}"
EndProject
Project("{FAE04EC0-301F-11D3-BF4B-00C04F79EFBC}") = "Civiti.Domain", "Civiti.Domain\Civiti.Domain.csproj", "{5C19B7FB-C8C2-47B2-B56B-8DCB4B896BC1}"
EndProject
Project("{FAE04EC0-301F-11D3-BF4B-00C04F79EFBC}") = "Civiti.Application", "Civiti.Application\Civiti.Application.csproj", "{D80162C8-D670-4715-B275-738001CA9D26}"
EndProject
Project("{FAE04EC0-301F-11D3-BF4B-00C04F79EFBC}") = "Civiti.Infrastructure", "Civiti.Infrastructure\Civiti.Infrastructure.csproj", "{96816AE0-78FE-49E6-B10D-16918A74F6A5}"
EndProject
Project("{FAE04EC0-301F-11D3-BF4B-00C04F79EFBC}") = "Civiti.Mcp", "Civiti.Mcp\Civiti.Mcp.csproj", "{242480B6-008A-4A37-9939-963160B50FDD}"
EndProject
Project("{FAE04EC0-301F-11D3-BF4B-00C04F79EFBC}") = "Civiti.Auth", "Civiti.Auth\Civiti.Auth.csproj", "{EBFE2975-EC55-429B-9E4D-5C0ED91CD693}"
EndProject
Global
	GlobalSection(SolutionConfigurationPlatforms) = preSolution
		Debug|Any CPU = Debug|Any CPU
		Debug|x64 = Debug|x64
		Debug|x86 = Debug|x86
		Release|Any CPU = Release|Any CPU
		Release|x64 = Release|x64
		Release|x86 = Release|x86
	EndGlobalSection
	GlobalSection(ProjectConfigurationPlatforms) = postSolution
		{7877063B-E407-4A2D-83FB-7E1B175F9298}.Debug|Any CPU.ActiveCfg = Debug|Any CPU
		{7877063B-E407-4A2D-83FB-7E1B175F9298}.Debug|Any CPU.Build.0 = Debug|Any CPU
		{7877063B-E407-4A2D-83FB-7E1B175F9298}.Debug|x64.ActiveCfg = Debug|Any CPU
		{7877063B-E407-4A2D-83FB-7E1B175F9298}.Debug|x64.Build.0 = Debug|Any CPU
		{7877063B-E407-4A2D-83FB-7E1B175F9298}.Debug|x86.ActiveCfg = Debug|Any CPU
		{7877063B-E407-4A2D-83FB-7E1B175F9298}.Debug|x86.Build.0 = Debug|Any CPU
		{7877063B-E407-4A2D-83FB-7E1B175F9298}.Release|Any CPU.ActiveCfg = Release|Any CPU
		{7877063B-E407-4A2D-83FB-7E1B175F9298}.Release|Any CPU.Build.0 = Release|Any CPU
		{7877063B-E407-4A2D-83FB-7E1B175F9298}.Release|x64.ActiveCfg = Release|Any CPU
		{7877063B-E407-4A2D-83FB-7E1B175F9298}.Release|x64.Build.0 = Release|Any CPU
		{7877063B-E407-4A2D-83FB-7E1B175F9298}.Release|x86.ActiveCfg = Release|Any CPU
		{7877063B-E407-4A2D-83FB-7E1B175F9298}.Release|x86.Build.0 = Release|Any CPU
		{9CE7FDC1-66D1-4E2D-B014-E98422EC431C}.Debug|Any CPU.ActiveCfg = Debug|Any CPU
		{9CE7FDC1-66D1-4E2D-B014-E98422EC431C}.Debug|Any CPU.Build.0 = Debug|Any CPU
		{9CE7FDC1-66D1-4E2D-B014-E98422EC431C}.Debug|x64.ActiveCfg = Debug|Any CPU
		{9CE7FDC1-66D1-4E2D-B014-E98422EC431C}.Debug|x64.Build.0 = Debug|Any CPU
		{9CE7FDC1-66D1-4E2D-B014-E98422EC431C}.Debug|x86.ActiveCfg = Debug|Any CPU
		{9CE7FDC1-66D1-4E2D-B014-E98422EC431C}.Debug|x86.Build.0 = Debug|Any CPU
		{9CE7FDC1-66D1-4E2D-B014-E98422EC431C}.Release|Any CPU.ActiveCfg = Release|Any CPU
		{9CE7FDC1-66D1-4E2D-B014-E98422EC431C}.Release|Any CPU.Build.0 = Release|Any CPU
		{9CE7FDC1-66D1-4E2D-B014-E98422EC431C}.Release|x64.ActiveCfg = Release|Any CPU
		{9CE7FDC1-66D1-4E2D-B014-E98422EC431C}.Release|x64.Build.0 = Release|Any CPU
		{9CE7FDC1-66D1-4E2D-B014-E98422EC431C}.Release|x86.ActiveCfg = Release|Any CPU
		{9CE7FDC1-66D1-4E2D-B014-E98422EC431C}.Release|x86.Build.0 = Release|Any CPU
		{5C19B7FB-C8C2-47B2-B56B-8DCB4B896BC1}.Debug|Any CPU.ActiveCfg = Debug|Any CPU
		{5C19B7FB-C8C2-47B2-B56B-8DCB4B896BC1}.Debug|Any CPU.Build.0 = Debug|Any CPU
		{5C19B7FB-C8C2-47B2-B56B-8DCB4B896BC1}.Debug|x64.ActiveCfg = Debug|Any CPU
		{5C19B7FB-C8C2-47B2-B56B-8DCB4B896BC1}.Debug|x64.Build.0 = Debug|Any CPU
		{5C19B7FB-C8C2-47B2-B56B-8DCB4B896BC1}.Debug|x86.ActiveCfg = Debug|Any CPU
		{5C19B7FB-C8C2-47B2-B56B-8DCB4B896BC1}.Debug|x86.Build.0 = Debug|Any CPU
		{5C19B7FB-C8C2-47B2-B56B-8DCB4B896BC1}.Release|Any CPU.ActiveCfg = Release|Any CPU
		{5C19B7FB-C8C2-47B2-B56B-8DCB4B896BC1}.Release|Any CPU.Build.0 = Release|Any CPU
		{5C19B7FB-C8C2-47B2-B56B-8DCB4B896BC1}.Release|x64.ActiveCfg = Release|Any CPU
		{5C19B7FB-C8C2-47B2-B56B-8DCB4B896BC1}.Release|x64.Build.0 = Release|Any CPU
		{5C19B7FB-C8C2-47B2-B56B-8DCB4B896BC1}.Release|x86.ActiveCfg = Release|Any CPU
		{5C19B7FB-C8C2-47B2-B56B-8DCB4B896BC1}.Release|x86.Build.0 = Release|Any CPU
		{D80162C8-D670-4715-B275-738001CA9D26}.Debug|Any CPU.ActiveCfg = Debug|Any CPU
		{D80162C8-D670-4715-B275-738001CA9D26}.Debug|Any CPU.Build.0 = Debug|Any CPU
		{D80162C8-D670-4715-B275-738001CA9D26}.Debug|x64.ActiveCfg = Debug|Any CPU
		{D80162C8-D670-4715-B275-738001CA9D26}.Debug|x64.Build.0 = Debug|Any CPU
		{D80162C8-D670-4715-B275-738001CA9D26}.Debug|x86.ActiveCfg = Debug|Any CPU
		{D80162C8-D670-4715-B275-738001CA9D26}.Debug|x86.Build.0 = Debug|Any CPU
		{D80162C8-D670-4715-B275-738001CA9D26}.Release|Any CPU.ActiveCfg = Release|Any CPU
		{D80162C8-D670-4715-B275-738001CA9D26}.Release|Any CPU.Build.0 = Release|Any CPU
		{D80162C8-D670-4715-B275-738001CA9D26}.Release|x64.ActiveCfg = Release|Any CPU
		{D80162C8-D670-4715-B275-738001CA9D26}.Release|x64.Build.0 = Release|Any CPU
		{D80162C8-D670-4715-B275-738001CA9D26}.Release|x86.ActiveCfg = Release|Any CPU
		{D80162C8-D670-4715-B275-738001CA9D26}.Release|x86.Build.0 = Release|Any CPU
		{96816AE0-78FE-49E6-B10D-16918A74F6A5}.Debug|Any CPU.ActiveCfg = Debug|Any CPU
		{96816AE0-78FE-49E6-B10D-16918A74F6A5}.Debug|Any CPU.Build.0 = Debug|Any CPU
		{96816AE0-78FE-49E6-B10D-16918A74F6A5}.Debug|x64.ActiveCfg = Debug|Any CPU
		{96816AE0-78FE-49E6-B10D-16918A74F6A5}.Debug|x64.Build.0 = Debug|Any CPU
		{96816AE0-78FE-49E6-B10D-16918A74F6A5}.Debug|x86.ActiveCfg = Debug|Any CPU
		{96816AE0-78FE-49E6-B10D-16918A74F6A5}.Debug|x86.Build.0 = Debug|Any CPU
		{96816AE0-78FE-49E6-B10D-16918A74F6A5}.Release|Any CPU.ActiveCfg = Release|Any CPU
		{96816AE0-78FE-49E6-B10D-16918A74F6A5}.Release|Any CPU.Build.0 = Release|Any CPU
		{96816AE0-78FE-49E6-B10D-16918A74F6A5}.Release|x64.ActiveCfg = Release|Any CPU
		{96816AE0-78FE-49E6-B10D-16918A74F6A5}.Release|x64.Build.0 = Release|Any CPU
		{96816AE0-78FE-49E6-B10D-16918A74F6A5}.Release|x86.ActiveCfg = Release|Any CPU
		{96816AE0-78FE-49E6-B10D-16918A74F6A5}.Release|x86.Build.0 = Release|Any CPU
		{242480B6-008A-4A37-9939-963160B50FDD}.Debug|Any CPU.ActiveCfg = Debug|Any CPU
		{242480B6-008A-4A37-9939-963160B50FDD}.Debug|Any CPU.Build.0 = Debug|Any CPU
		{242480B6-008A-4A37-9939-963160B50FDD}.Debug|x64.ActiveCfg = Debug|Any CPU
		{242480B6-008A-4A37-9939-963160B50FDD}.Debug|x64.Build.0 = Debug|Any CPU
		{242480B6-008A-4A37-9939-963160B50FDD}.Debug|x86.ActiveCfg = Debug|Any CPU
		{242480B6-008A-4A37-9939-963160B50FDD}.Debug|x86.Build.0 = Debug|Any CPU
		{242480B6-008A-4A37-9939-963160B50FDD}.Release|Any CPU.ActiveCfg = Release|Any CPU
		{242480B6-008A-4A37-9939-963160B50FDD}.Release|Any CPU.Build.0 = Release|Any CPU
		{242480B6-008A-4A37-9939-963160B50FDD}.Release|x64.ActiveCfg = Release|Any CPU
		{242480B6-008A-4A37-9939-963160B50FDD}.Release|x64.Build.0 = Release|Any CPU
		{242480B6-008A-4A37-9939-963160B50FDD}.Release|x86.ActiveCfg = Release|Any CPU
		{242480B6-008A-4A37-9939-963160B50FDD}.Release|x86.Build.0 = Release|Any CPU
		{EBFE2975-EC55-429B-9E4D-5C0ED91CD693}.Debug|Any CPU.ActiveCfg = Debug|Any CPU
		{EBFE2975-EC55-429B-9E4D-5C0ED91CD693}.Debug|Any CPU.Build.0 = Debug|Any CPU
		{EBFE2975-EC55-429B-9E4D-5C0ED91CD693}.Debug|x64.ActiveCfg = Debug|Any CPU
		{EBFE2975-EC55-429B-9E4D-5C0ED91CD693}.Debug|x64.Build.0 = Debug|Any CPU
		{EBFE2975-EC55-429B-9E4D-5C0ED91CD693}.Debug|x86.ActiveCfg = Debug|Any CPU
		{EBFE2975-EC55-429B-9E4D-5C0ED91CD693}.Debug|x86.Build.0 = Debug|Any CPU
		{EBFE2975-EC55-429B-9E4D-5C0ED91CD693}.Release|Any CPU.ActiveCfg = Release|Any CPU
		{EBFE2975-EC55-429B-9E4D-5C0ED91CD693}.Release|Any CPU.Build.0 = Release|Any CPU
		{EBFE2975-EC55-429B-9E4D-5C0ED91CD693}.Release|x64.ActiveCfg = Release|Any CPU
		{EBFE2975-EC55-429B-9E4D-5C0ED91CD693}.Release|x64.Build.0 = Release|Any CPU
		{EBFE2975-EC55-429B-9E4D-5C0ED91CD693}.Release|x86.ActiveCfg = Release|Any CPU
		{EBFE2975-EC55-429B-9E4D-5C0ED91CD693}.Release|x86.Build.0 = Release|Any CPU
	EndGlobalSection
	GlobalSection(SolutionProperties) = preSolution
		HideSolutionNode = FALSE
	EndGlobalSection
EndGlobal
